
Microsoft Visual Studio Solution File, Format Version 12.00
# Visual Studio Version 17
VisualStudioVersion = 17.0.31903.59
MinimumVisualStudioVersion = 10.0.40219.1
Project("{FAE04EC0-301F-11D3-BF4B-00C04F79EFBC}") = "KMBF2", "KMBF2\KMBF2.csproj", "{54A8EF4B-704E-475B-8E4C-0DC2FD58CE72}"
EndProject
Project("{2150E333-8FDC-42A3-9474-1A3956D46DE8}") = "Solution Items", "Solution Items", "{868C0EDF-8A0E-4070-AC7D-0EB5A616FF05}"
	ProjectSection(SolutionItems) = preProject
		.gitignore = .gitignore
		Repository.json = Repository.json
	EndProjectSection
EndProject
Project("{FAE04EC0-301F-11D3-BF4B-00C04F79EFBC}") = "Assembly-CSharp", "..\WotR Debug\Assembly-CSharp\Assembly-CSharp.csproj", "{4D71AE1B-5EB0-8108-D1AB-0822E76A520C}"
EndProject
Global
	GlobalSection(SolutionConfigurationPlatforms) = preSolution
		Debug|Any CPU = Debug|Any CPU
		Release|Any CPU = Release|Any CPU
	EndGlobalSection
	GlobalSection(ProjectConfigurationPlatforms) = postSolution
		{54A8EF4B-704E-475B-8E4C-0DC2FD58CE72}.Debug|Any CPU.ActiveCfg = Debug|Any CPU
		{54A8EF4B-704E-475B-8E4C-0DC2FD58CE72}.Debug|Any CPU.Build.0 = Debug|Any CPU
		{54A8EF4B-704E-475B-8E4C-0DC2FD58CE72}.Release|Any CPU.ActiveCfg = Release|Any CPU
		{54A8EF4B-704E-475B-8E4C-0DC2FD58CE72}.Release|Any CPU.Build.0 = Release|Any CPU
		{4D71AE1B-5EB0-8108-D1AB-0822E76A520C}.Debug|Any CPU.ActiveCfg = Debug|Any CPU
		{4D71AE1B-5EB0-8108-D1AB-0822E76A520C}.Debug|Any CPU.Build.0 = Debug|Any CPU
		{4D71AE1B-5EB0-8108-D1AB-0822E76A520C}.Release|Any CPU.ActiveCfg = Release|Any CPU
		{4D71AE1B-5EB0-8108-D1AB-0822E76A520C}.Release|Any CPU.Build.0 = Release|Any CPU
	EndGlobalSection
	GlobalSection(SolutionProperties) = preSolution
		HideSolutionNode = FALSE
	EndGlobalSection
	GlobalSection(ExtensibilityGlobals) = postSolution
		SolutionGuid = {A22AEF85-9A30-4FB9-A777-A09DA1785278}
	EndGlobalSection
EndGlobal
